// !$*UTF8*$!
{
	archiveVersion = 1;
	classes = {
	};
	objectVersion = 46;
	objects = {

/* Begin PBXBuildFile section */
		4789BE701E361B5E008CD413 /* AppDelegate.swift in Sources */ = {isa = PBXBuildFile; fileRef = 4789BE6F1E361B5E008CD413 /* AppDelegate.swift */; };
		4789BE721E361B5E008CD413 /* ViewController.swift in Sources */ = {isa = PBXBuildFile; fileRef = 4789BE711E361B5E008CD413 /* ViewController.swift */; };
		4789BE741E361B5E008CD413 /* Assets.xcassets in Resources */ = {isa = PBXBuildFile; fileRef = 4789BE731E361B5E008CD413 /* Assets.xcassets */; };
		4789BE771E361B5F008CD413 /* Main.storyboard in Resources */ = {isa = PBXBuildFile; fileRef = 4789BE751E361B5F008CD413 /* Main.storyboard */; };
		4789BE831E361BB6008CD413 /* ParameterViewController.swift in Sources */ = {isa = PBXBuildFile; fileRef = 4789BE7E1E361BB6008CD413 /* ParameterViewController.swift */; };
		4789BE841E361BB6008CD413 /* PreferenceViewController.swift in Sources */ = {isa = PBXBuildFile; fileRef = 4789BE7F1E361BB6008CD413 /* PreferenceViewController.swift */; };
		4789BE851E361BB6008CD413 /* SFXRGenerator.swift in Sources */ = {isa = PBXBuildFile; fileRef = 4789BE801E361BB6008CD413 /* SFXRGenerator.swift */; };
		4789BE861E361BB6008CD413 /* SidebarViewController.swift in Sources */ = {isa = PBXBuildFile; fileRef = 4789BE811E361BB6008CD413 /* SidebarViewController.swift */; };
		4789BE871E361BB6008CD413 /* WindowController.swift in Sources */ = {isa = PBXBuildFile; fileRef = 4789BE821E361BB6008CD413 /* WindowController.swift */; };
		4789BE891E361D31008CD413 /* BinaryData.swift in Sources */ = {isa = PBXBuildFile; fileRef = 4789BE881E361D31008CD413 /* BinaryData.swift */; };
		4789BE8B1E361FB3008CD413 /* README.md in Sources */ = {isa = PBXBuildFile; fileRef = 4789BE8A1E361FB3008CD413 /* README.md */; };
/* End PBXBuildFile section */

/* Begin PBXFileReference section */
		4789BE6C1E361B5E008CD413 /* sfxrSwift.app */ = {isa = PBXFileReference; explicitFileType = wrapper.application; includeInIndex = 0; path = sfxrSwift.app; sourceTree = BUILT_PRODUCTS_DIR; };
		4789BE6F1E361B5E008CD413 /* AppDelegate.swift */ = {isa = PBXFileReference; lastKnownFileType = sourcecode.swift; path = AppDelegate.swift; sourceTree = "<group>"; };
		4789BE711E361B5E008CD413 /* ViewController.swift */ = {isa = PBXFileReference; lastKnownFileType = sourcecode.swift; path = ViewController.swift; sourceTree = "<group>"; };
		4789BE731E361B5E008CD413 /* Assets.xcassets */ = {isa = PBXFileReference; lastKnownFileType = folder.assetcatalog; path = Assets.xcassets; sourceTree = "<group>"; };
		4789BE761E361B5F008CD413 /* Base */ = {isa = PBXFileReference; lastKnownFileType = file.storyboard; name = Base; path = Base.lproj/Main.storyboard; sourceTree = "<group>"; };
		4789BE781E361B5F008CD413 /* Info.plist */ = {isa = PBXFileReference; lastKnownFileType = text.plist.xml; path = Info.plist; sourceTree = "<group>"; };
		4789BE7E1E361BB6008CD413 /* ParameterViewController.swift */ = {isa = PBXFileReference; fileEncoding = 4; lastKnownFileType = sourcecode.swift; path = ParameterViewController.swift; sourceTree = "<group>"; };
		4789BE7F1E361BB6008CD413 /* PreferenceViewController.swift */ = {isa = PBXFileReference; fileEncoding = 4; lastKnownFileType = sourcecode.swift; path = PreferenceViewController.swift; sourceTree = "<group>"; };
		4789BE801E361BB6008CD413 /* SFXRGenerator.swift */ = {isa = PBXFileReference; fileEncoding = 4; lastKnownFileType = sourcecode.swift; path = SFXRGenerator.swift; sourceTree = "<group>"; };
		4789BE811E361BB6008CD413 /* SidebarViewController.swift */ = {isa = PBXFileReference; fileEncoding = 4; lastKnownFileType = sourcecode.swift; path = SidebarViewController.swift; sourceTree = "<group>"; };
		4789BE821E361BB6008CD413 /* WindowController.swift */ = {isa = PBXFileReference; fileEncoding = 4; lastKnownFileType = sourcecode.swift; path = WindowController.swift; sourceTree = "<group>"; };
		4789BE881E361D31008CD413 /* BinaryData.swift */ = {isa = PBXFileReference; fileEncoding = 4; lastKnownFileType = sourcecode.swift; path = BinaryData.swift; sourceTree = "<group>"; };
		4789BE8A1E361FB3008CD413 /* README.md */ = {isa = PBXFileReference; fileEncoding = 4; lastKnownFileType = net.daringfireball.markdown; path = README.md; sourceTree = "<group>"; };
/* End PBXFileReference section */

/* Begin PBXFrameworksBuildPhase section */
		4789BE691E361B5E008CD413 /* Frameworks */ = {
			isa = PBXFrameworksBuildPhase;
			buildActionMask = 2147483647;
			files = (
			);
			runOnlyForDeploymentPostprocessing = 0;
		};
/* End PBXFrameworksBuildPhase section */

/* Begin PBXGroup section */
		4789BE631E361B5E008CD413 = {
			isa = PBXGroup;
			children = (
				4789BE6E1E361B5E008CD413 /* sfxrSwift */,
				4789BE6D1E361B5E008CD413 /* Products */,
			);
			sourceTree = "<group>";
		};
		4789BE6D1E361B5E008CD413 /* Products */ = {
			isa = PBXGroup;
			children = (
				4789BE6C1E361B5E008CD413 /* sfxrSwift.app */,
			);
			name = Products;
			sourceTree = "<group>";
		};
		4789BE6E1E361B5E008CD413 /* sfxrSwift */ = {
			isa = PBXGroup;
			children = (
				4789BE8A1E361FB3008CD413 /* README.md */,
				4789BE6F1E361B5E008CD413 /* AppDelegate.swift */,
				4789BE821E361BB6008CD413 /* WindowController.swift */,
				4789BE711E361B5E008CD413 /* ViewController.swift */,
				4789BE811E361BB6008CD413 /* SidebarViewController.swift */,
				4789BE7E1E361BB6008CD413 /* ParameterViewController.swift */,
				4789BE7F1E361BB6008CD413 /* PreferenceViewController.swift */,
				4789BE801E361BB6008CD413 /* SFXRGenerator.swift */,
				4789BE881E361D31008CD413 /* BinaryData.swift */,
				4789BE731E361B5E008CD413 /* Assets.xcassets */,
				4789BE751E361B5F008CD413 /* Main.storyboard */,
				4789BE781E361B5F008CD413 /* Info.plist */,
			);
			path = sfxrSwift;
			sourceTree = "<group>";
		};
/* End PBXGroup section */

/* Begin PBXNativeTarget section */
		4789BE6B1E361B5E008CD413 /* sfxrSwift */ = {
			isa = PBXNativeTarget;
			buildConfigurationList = 4789BE7B1E361B5F008CD413 /* Build configuration list for PBXNativeTarget "sfxrSwift" */;
			buildPhases = (
				4789BE681E361B5E008CD413 /* Sources */,
				4789BE691E361B5E008CD413 /* Frameworks */,
				4789BE6A1E361B5E008CD413 /* Resources */,
			);
			buildRules = (
			);
			dependencies = (
			);
			name = sfxrSwift;
			productName = sfxrSwift;
			productReference = 4789BE6C1E361B5E008CD413 /* sfxrSwift.app */;
			productType = "com.apple.product-type.application";
		};
/* End PBXNativeTarget section */

/* Begin PBXProject section */
		4789BE641E361B5E008CD413 /* Project object */ = {
			isa = PBXProject;
			attributes = {
				LastSwiftUpdateCheck = 0820;
				LastUpgradeCheck = 0820;
				ORGANIZATIONNAME = "Yohei Yoshihara";
				TargetAttributes = {
					4789BE6B1E361B5E008CD413 = {
						CreatedOnToolsVersion = 8.2.1;
						ProvisioningStyle = Automatic;
					};
				};
			};
			buildConfigurationList = 4789BE671E361B5E008CD413 /* Build configuration list for PBXProject "sfxrSwift" */;
			compatibilityVersion = "Xcode 3.2";
			developmentRegion = English;
			hasScannedForEncodings = 0;
			knownRegions = (
				en,
				Base,
			);
			mainGroup = 4789BE631E361B5E008CD413;
			productRefGroup = 4789BE6D1E361B5E008CD413 /* Products */;
			projectDirPath = "";
			projectRoot = "";
			targets = (
				4789BE6B1E361B5E008CD413 /* sfxrSwift */,
			);
		};
/* End PBXProject section */

/* Begin PBXResourcesBuildPhase section */
		4789BE6A1E361B5E008CD413 /* Resources */ = {
			isa = PBXResourcesBuildPhase;
			buildActionMask = 2147483647;
			files = (
				4789BE741E361B5E008CD413 /* Assets.xcassets in Resources */,
				4789BE771E361B5F008CD413 /* Main.storyboard in Resources */,
			);
			runOnlyForDeploymentPostprocessing = 0;
		};
/* End PBXResourcesBuildPhase section */

/* Begin PBXSourcesBuildPhase section */
		4789BE681E361B5E008CD413 /* Sources */ = {
			isa = PBXSourcesBuildPhase;
			buildActionMask = 2147483647;
			files = (
				4789BE851E361BB6008CD413 /* SFXRGenerator.swift in Sources */,
				4789BE861E361BB6008CD413 /* SidebarViewController.swift in Sources */,
				4789BE891E361D31008CD413 /* BinaryData.swift in Sources */,
				4789BE721E361B5E008CD413 /* ViewController.swift in Sources */,
				4789BE871E361BB6008CD413 /* WindowController.swift in Sources */,
				4789BE831E361BB6008CD413 /* ParameterViewController.swift in Sources */,
				4789BE8B1E361FB3008CD413 /* README.md in Sources */,
				4789BE701E361B5E008CD413 /* AppDelegate.swift in Sources */,
				4789BE841E361BB6008CD413 /* PreferenceViewController.swift in Sources */,
			);
			runOnlyForDeploymentPostprocessing = 0;
		};
/* End PBXSourcesBuildPhase section */

/* Begin PBXVariantGroup section */
		4789BE751E361B5F008CD413 /* Main.storyboard */ = {
			isa = PBXVariantGroup;
			children = (
				4789BE761E361B5F008CD413 /* Base */,
			);
			name = Main.storyboard;
			sourceTree = "<group>";
		};
/* End PBXVariantGroup section */

/* Begin XCBuildConfiguration section */
		4789BE791E361B5F008CD413 /* Debug */ = {
			isa = XCBuildConfiguration;
			buildSettings = {
				ALWAYS_SEARCH_USER_PATHS = NO;
				CLANG_ANALYZER_NONNULL = YES;
				CLANG_CXX_LANGUAGE_STANDARD = "gnu++0x";
				CLANG_CXX_LIBRARY = "libc++";
				CLANG_ENABLE_MODULES = YES;
				CLANG_ENABLE_OBJC_ARC = YES;
				CLANG_WARN_BOOL_CONVERSION = YES;
				CLANG_WARN_CONSTANT_CONVERSION = YES;
				CLANG_WARN_DIRECT_OBJC_ISA_USAGE = YES_ERROR;
				CLANG_WARN_DOCUMENTATION_COMMENTS = YES;
				CLANG_WARN_EMPTY_BODY = YES;
				CLANG_WARN_ENUM_CONVERSION = YES;
				CLANG_WARN_INFINITE_RECURSION = YES;
				CLANG_WARN_INT_CONVERSION = YES;
				CLANG_WARN_OBJC_ROOT_CLASS = YES_ERROR;
				CLANG_WARN_SUSPICIOUS_MOVE = YES;
				CLANG_WARN_UNREACHABLE_CODE = YES;
				CLANG_WARN__DUPLICATE_METHOD_MATCH = YES;
				CODE_SIGN_IDENTITY = "-";
				COPY_PHASE_STRIP = NO;
				DEBUG_INFORMATION_FORMAT = dwarf;
				ENABLE_STRICT_OBJC_MSGSEND = YES;
				ENABLE_TESTABILITY = YES;
				GCC_C_LANGUAGE_STANDARD = gnu99;
				GCC_DYNAMIC_NO_PIC = NO;
				GCC_NO_COMMON_BLOCKS = YES;
				GCC_OPTIMIZATION_LEVEL = 0;
				GCC_PREPROCESSOR_DEFINITIONS = (
					"DEBUG=1",
					"$(inherited)",
				);
				GCC_WARN_64_TO_32_BIT_CONVERSION = YES;
				GCC_WARN_ABOUT_RETURN_TYPE = YES_ERROR;
				GCC_WARN_UNDECLARED_SELECTOR = YES;
				GCC_WARN_UNINITIALIZED_AUTOS = YES_AGGRESSIVE;
				GCC_WARN_UNUSED_FUNCTION = YES;
				GCC_WARN_UNUSED_VARIABLE = YES;
				MACOSX_DEPLOYMENT_TARGET = 10.12;
				MTL_ENABLE_DEBUG_INFO = YES;
				ONLY_ACTIVE_ARCH = YES;
				SDKROOT = macosx;
				SWIFT_ACTIVE_COMPILATION_CONDITIONS = DEBUG;
				SWIFT_OPTIMIZATION_LEVEL = "-Onone";
			};
			name = Debug;
		};
		4789BE7A1E361B5F008CD413 /* Release */ = {
			isa = XCBuildConfiguration;
			buildSettings = {
				ALWAYS_SEARCH_USER_PATHS = NO;
				CLANG_ANALYZER_NONNULL = YES;
				CLANG_CXX_LANGUAGE_STANDARD = "gnu++0x";
				CLANG_CXX_LIBRARY = "libc++";
				CLANG_ENABLE_MODULES = YES;
				CLANG_ENABLE_OBJC_ARC = YES;
				CLANG_WARN_BOOL_CONVERSION = YES;
				CLANG_WARN_CONSTANT_CONVERSION = YES;
				CLANG_WARN_DIRECT_OBJC_ISA_USAGE = YES_ERROR;
				CLANG_WARN_DOCUMENTATION_COMMENTS = YES;
				CLANG_WARN_EMPTY_BODY = YES;
				CLANG_WARN_ENUM_CONVERSION = YES;
				CLANG_WARN_INFINITE_RECURSION = YES;
				CLANG_WARN_INT_CONVERSION = YES;
				CLANG_WARN_OBJC_ROOT_CLASS = YES_ERROR;
				CLANG_WARN_SUSPICIOUS_MOVE = YES;
				CLANG_WARN_UNREACHABLE_CODE = YES;
				CLANG_WARN__DUPLICATE_METHOD_MATCH = YES;
				CODE_SIGN_IDENTITY = "-";
				COPY_PHASE_STRIP = NO;
				DEBUG_INFORMATION_FORMAT = "dwarf-with-dsym";
				ENABLE_NS_ASSERTIONS = NO;
				ENABLE_STRICT_OBJC_MSGSEND = YES;
				GCC_C_LANGUAGE_STANDARD = gnu99;
				GCC_NO_COMMON_BLOCKS = YES;
				GCC_WARN_64_TO_32_BIT_CONVERSION = YES;
				GCC_WARN_ABOUT_RETURN_TYPE = YES_ERROR;
				GCC_WARN_UNDECLARED_SELECTOR = YES;
				GCC_WARN_UNINITIALIZED_AUTOS = YES_AGGRESSIVE;
				GCC_WARN_UNUSED_FUNCTION = YES;
				GCC_WARN_UNUSED_VARIABLE = YES;
				MACOSX_DEPLOYMENT_TARGET = 10.12;
				MTL_ENABLE_DEBUG_INFO = NO;
				SDKROOT = macosx;
				SWIFT_OPTIMIZATION_LEVEL = "-Owholemodule";
			};
			name = Release;
		};
		4789BE7C1E361B5F008CD413 /* Debug */ = {
			isa = XCBuildConfiguration;
			buildSettings = {
				ASSETCATALOG_COMPILER_APPICON_NAME = AppIcon;
				COMBINE_HIDPI_IMAGES = YES;
				INFOPLIST_FILE = sfxrSwift/Info.plist;
				LD_RUNPATH_SEARCH_PATHS = "$(inherited) @executable_path/../Frameworks";
				PRODUCT_BUNDLE_IDENTIFIER = com.cx5software.sfxrSwift;
				PRODUCT_NAME = "$(TARGET_NAME)";
				SWIFT_VERSION = 3.0;
			};
			name = Debug;
		};
		4789BE7D1E361B5F008CD413 /* Release */ = {
			isa = XCBuildConfiguration;
			buildSettings = {
				ASSETCATALOG_COMPILER_APPICON_NAME = AppIcon;
				COMBINE_HIDPI_IMAGES = YES;
				INFOPLIST_FILE = sfxrSwift/Info.plist;
				LD_RUNPATH_SEARCH_PATHS = "$(inherited) @executable_path/../Frameworks";
				PRODUCT_BUNDLE_IDENTIFIER = com.cx5software.sfxrSwift;
				PRODUCT_NAME = "$(TARGET_NAME)";
				SWIFT_VERSION = 3.0;
			};
			name = Release;
		};
/* End XCBuildConfiguration section */

/* Begin XCConfigurationList section */
		4789BE671E361B5E008CD413 /* Build configuration list for PBXProject "sfxrSwift" */ = {
			isa = XCConfigurationList;
			buildConfigurations = (
				4789BE791E361B5F008CD413 /* Debug */,
				4789BE7A1E361B5F008CD413 /* Release */,
			);
			defaultConfigurationIsVisible = 0;
			defaultConfigurationName = Release;
		};
		4789BE7B1E361B5F008CD413 /* Build configuration list for PBXNativeTarget "sfxrSwift" */ = {
			isa = XCConfigurationList;
			buildConfigurations = (
				4789BE7C1E361B5F008CD413 /* Debug */,
				4789BE7D1E361B5F008CD413 /* Release */,
			);
			defaultConfigurationIsVisible = 0;
		};
/* End XCConfigurationList section */
	};
	rootObject = 4789BE641E361B5E008CD413 /* Project object */;
}
